
Microsoft Visual Studio Solution File, Format Version 12.00
# Visual Studio Version 17
VisualStudioVersion = 17.1.32328.378
MinimumVisualStudioVersion = 10.0.40219.1
Project("{FAE04EC0-301F-11D3-BF4B-00C04F79EFBC}") = "TesteApisul", "TesteApisul\TesteApisul.csproj", "{C5FD7587-8E39-4D0D-AD5D-17E0250C1CD6}"
EndProject
Global
	GlobalSection(SolutionConfigurationPlatforms) = preSolution
		Debug|Any CPU = Debug|Any CPU
		Release|Any CPU = Release|Any CPU
	EndGlobalSection
	GlobalSection(ProjectConfigurationPlatforms) = postSolution
		{C5FD7587-8E39-4D0D-AD5D-17E0250C1CD6}.Debug|Any CPU.ActiveCfg = Debug|Any CPU
		{C5FD7587-8E39-4D0D-AD5D-17E0250C1CD6}.Debug|Any CPU.Build.0 = Debug|Any CPU
		{C5FD7587-8E39-4D0D-AD5D-17E0250C1CD6}.Release|Any CPU.ActiveCfg = Release|Any CPU
		{C5FD7587-8E39-4D0D-AD5D-17E0250C1CD6}.Release|Any CPU.Build.0 = Release|Any CPU
	EndGlobalSection
	GlobalSection(SolutionProperties) = preSolution
		HideSolutionNode = FALSE
	EndGlobalSection
	GlobalSection(ExtensibilityGlobals) = postSolution
		SolutionGuid = {B6465363-5562-4449-BC85-FB2E84C6F58B}
	EndGlobalSection
EndGlobal
